
Microsoft Visual Studio Solution File, Format Version 12.00
# Visual Studio Version 17
VisualStudioVersion = 17.11.34909.67
MinimumVisualStudioVersion = 10.0.40219.1
Project("{FAE04EC0-301F-11D3-BF4B-00C04F79EFBC}") = "BlogUNAH.API", "BlogUNAH.API\BlogUNAH.API.csproj", "{70DFBF31-507A-4003-8C7D-8BB6E6B63327}"
EndProject
Global
	GlobalSection(SolutionConfigurationPlatforms) = preSolution
		Debug|Any CPU = Debug|Any CPU
		Release|Any CPU = Release|Any CPU
	EndGlobalSection
	GlobalSection(ProjectConfigurationPlatforms) = postSolution
		{70DFBF31-507A-4003-8C7D-8BB6E6B63327}.Debug|Any CPU.ActiveCfg = Debug|Any CPU
		{70DFBF31-507A-4003-8C7D-8BB6E6B63327}.Debug|Any CPU.Build.0 = Debug|Any CPU
		{70DFBF31-507A-4003-8C7D-8BB6E6B63327}.Release|Any CPU.ActiveCfg = Release|Any CPU
		{70DFBF31-507A-4003-8C7D-8BB6E6B63327}.Release|Any CPU.Build.0 = Release|Any CPU
	EndGlobalSection
	GlobalSection(SolutionProperties) = preSolution
		HideSolutionNode = FALSE
	EndGlobalSection
	GlobalSection(ExtensibilityGlobals) = postSolution
		SolutionGuid = {0B3E3D37-8574-43EB-99EC-3D8A9CB53A0C}
	EndGlobalSection
EndGlobal
